
Microsoft Visual Studio Solution File, Format Version 12.00
# Visual Studio Version 17
VisualStudioVersion = 17.6.33829.357
MinimumVisualStudioVersion = 10.0.40219.1
Project("{FAE04EC0-301F-11D3-BF4B-00C04F79EFBC}") = "ILI.Demo", "ILI.Demo\ILI.Demo.csproj", "{82C2F176-96A1-462F-9A48-F81F9D904593}"
EndProject
Project("{FAE04EC0-301F-11D3-BF4B-00C04F79EFBC}") = "ILI.Demo.UT", "ILI.Demo.UT\ILI.Demo.UT.csproj", "{1A407965-0BC2-4A91-A0A7-817CEA0F0201}"
EndProject
Global
	GlobalSection(SolutionConfigurationPlatforms) = preSolution
		Debug|Any CPU = Debug|Any CPU
		Release|Any CPU = Release|Any CPU
	EndGlobalSection
	GlobalSection(ProjectConfigurationPlatforms) = postSolution
		{82C2F176-96A1-462F-9A48-F81F9D904593}.Debug|Any CPU.ActiveCfg = Debug|Any CPU
		{82C2F176-96A1-462F-9A48-F81F9D904593}.Debug|Any CPU.Build.0 = Debug|Any CPU
		{82C2F176-96A1-462F-9A48-F81F9D904593}.Release|Any CPU.ActiveCfg = Release|Any CPU
		{82C2F176-96A1-462F-9A48-F81F9D904593}.Release|Any CPU.Build.0 = Release|Any CPU
		{1A407965-0BC2-4A91-A0A7-817CEA0F0201}.Debug|Any CPU.ActiveCfg = Debug|Any CPU
		{1A407965-0BC2-4A91-A0A7-817CEA0F0201}.Debug|Any CPU.Build.0 = Debug|Any CPU
		{1A407965-0BC2-4A91-A0A7-817CEA0F0201}.Release|Any CPU.ActiveCfg = Release|Any CPU
		{1A407965-0BC2-4A91-A0A7-817CEA0F0201}.Release|Any CPU.Build.0 = Release|Any CPU
	EndGlobalSection
	GlobalSection(SolutionProperties) = preSolution
		HideSolutionNode = FALSE
	EndGlobalSection
	GlobalSection(ExtensibilityGlobals) = postSolution
		SolutionGuid = {373FF796-AF2D-4CF5-A96D-B823AEEF6090}
	EndGlobalSection
EndGlobal
